
Microsoft Visual Studio Solution File, Format Version 12.00
# Visual Studio Version 16
VisualStudioVersion = 16.0.30002.166
MinimumVisualStudioVersion = 10.0.40219.1
Project("{9A19103F-16F7-4668-BE54-9A1E7A4F7556}") = "TestingBookSwagon", "TestingBookSwagon\TestingBookSwagon.csproj", "{50B14F1E-C04B-462D-8F5B-F1B00BA40234}"
EndProject
Project("{FAE04EC0-301F-11D3-BF4B-00C04F79EFBC}") = "FundooNotesTesting", "FundooNotesTesting\FundooNotesTesting.csproj", "{500AA257-B32C-49B8-A940-87D0868A387B}"
EndProject
Global
	GlobalSection(SolutionConfigurationPlatforms) = preSolution
		Debug|Any CPU = Debug|Any CPU
		Release|Any CPU = Release|Any CPU
	EndGlobalSection
	GlobalSection(ProjectConfigurationPlatforms) = postSolution
		{50B14F1E-C04B-462D-8F5B-F1B00BA40234}.Debug|Any CPU.ActiveCfg = Debug|Any CPU
		{50B14F1E-C04B-462D-8F5B-F1B00BA40234}.Debug|Any CPU.Build.0 = Debug|Any CPU
		{50B14F1E-C04B-462D-8F5B-F1B00BA40234}.Release|Any CPU.ActiveCfg = Release|Any CPU
		{50B14F1E-C04B-462D-8F5B-F1B00BA40234}.Release|Any CPU.Build.0 = Release|Any CPU
		{500AA257-B32C-49B8-A940-87D0868A387B}.Debug|Any CPU.ActiveCfg = Debug|Any CPU
		{500AA257-B32C-49B8-A940-87D0868A387B}.Debug|Any CPU.Build.0 = Debug|Any CPU
		{500AA257-B32C-49B8-A940-87D0868A387B}.Release|Any CPU.ActiveCfg = Release|Any CPU
		{500AA257-B32C-49B8-A940-87D0868A387B}.Release|Any CPU.Build.0 = Release|Any CPU
	EndGlobalSection
	GlobalSection(SolutionProperties) = preSolution
		HideSolutionNode = FALSE
	EndGlobalSection
	GlobalSection(ExtensibilityGlobals) = postSolution
		SolutionGuid = {ED0A1309-2E28-43AB-AEB8-CE1925DF3F79}
	EndGlobalSection
EndGlobal
